// !$*UTF8*$!
{
	archiveVersion = 1;
	classes = {
	};
	objectVersion = 46;
	objects = {

/* Begin PBXBuildFile section */
		70639E0F184D32490028A98B /* Foundation.framework in Frameworks */ = {isa = PBXBuildFile; fileRef = 70639E0E184D32490028A98B /* Foundation.framework */; };
		70639E11184D32490028A98B /* CoreGraphics.framework in Frameworks */ = {isa = PBXBuildFile; fileRef = 70639E10184D32490028A98B /* CoreGraphics.framework */; };
		70639E13184D32490028A98B /* UIKit.framework in Frameworks */ = {isa = PBXBuildFile; fileRef = 70639E12184D32490028A98B /* UIKit.framework */; };
		70639E19184D32490028A98B /* InfoPlist.strings in Resources */ = {isa = PBXBuildFile; fileRef = 70639E17184D32490028A98B /* InfoPlist.strings */; };
		70639E1B184D32490028A98B /* main.m in Sources */ = {isa = PBXBuildFile; fileRef = 70639E1A184D32490028A98B /* main.m */; };
		70639E1F184D32490028A98B /* AppDelegate.m in Sources */ = {isa = PBXBuildFile; fileRef = 70639E1E184D32490028A98B /* AppDelegate.m */; };
		70639E22184D32490028A98B /* Main.storyboard in Resources */ = {isa = PBXBuildFile; fileRef = 70639E20184D32490028A98B /* Main.storyboard */; };
		70639E25184D32490028A98B /* ViewController.m in Sources */ = {isa = PBXBuildFile; fileRef = 70639E24184D32490028A98B /* ViewController.m */; };
		70639E27184D32490028A98B /* Images.xcassets in Resources */ = {isa = PBXBuildFile; fileRef = 70639E26184D32490028A98B /* Images.xcassets */; };
		70639E2E184D324A0028A98B /* XCTest.framework in Frameworks */ = {isa = PBXBuildFile; fileRef = 70639E2D184D324A0028A98B /* XCTest.framework */; };
		70639E2F184D324A0028A98B /* Foundation.framework in Frameworks */ = {isa = PBXBuildFile; fileRef = 70639E0E184D32490028A98B /* Foundation.framework */; };
		70639E30184D324A0028A98B /* UIKit.framework in Frameworks */ = {isa = PBXBuildFile; fileRef = 70639E12184D32490028A98B /* UIKit.framework */; };
		70639E38184D324A0028A98B /* InfoPlist.strings in Resources */ = {isa = PBXBuildFile; fileRef = 70639E36184D324A0028A98B /* InfoPlist.strings */; };
		70639E3A184D324A0028A98B /* ASKMETests.m in Sources */ = {isa = PBXBuildFile; fileRef = 70639E39184D324A0028A98B /* ASKMETests.m */; };
		709B67481858D18A0052C344 /* FONDO_Tab_Bar_Opciones@2x.png in Resources */ = {isa = PBXBuildFile; fileRef = 709B67471858D18A0052C344 /* FONDO_Tab_Bar_Opciones@2x.png */; };
		709B674A1858D2B70052C344 /* FONDO_Tab_Bar_Opciones.png in Resources */ = {isa = PBXBuildFile; fileRef = 709B67491858D2B70052C344 /* FONDO_Tab_Bar_Opciones.png */; };
		709B67551858D6BA0052C344 /* ico-Tab-Bar-Configuracion.png in Resources */ = {isa = PBXBuildFile; fileRef = 709B674B1858D6BA0052C344 /* ico-Tab-Bar-Configuracion.png */; };
		709B67561858D6BA0052C344 /* ico-Tab-Bar-Configuracion@x2.png in Resources */ = {isa = PBXBuildFile; fileRef = 709B674C1858D6BA0052C344 /* ico-Tab-Bar-Configuracion@x2.png */; };
		709B67571858D6BA0052C344 /* ico-Tab-Bar-Estadistica.png in Resources */ = {isa = PBXBuildFile; fileRef = 709B674D1858D6BA0052C344 /* ico-Tab-Bar-Estadistica.png */; };
		709B67581858D6BA0052C344 /* ico-Tab-Bar-Estadistica@x2.png in Resources */ = {isa = PBXBuildFile; fileRef = 709B674E1858D6BA0052C344 /* ico-Tab-Bar-Estadistica@x2.png */; };
		709B67591858D6BA0052C344 /* ico-Tab-Bar-Info.png in Resources */ = {isa = PBXBuildFile; fileRef = 709B674F1858D6BA0052C344 /* ico-Tab-Bar-Info.png */; };
		709B675A1858D6BA0052C344 /* ico-Tab-Bar-Info@x2.png in Resources */ = {isa = PBXBuildFile; fileRef = 709B67501858D6BA0052C344 /* ico-Tab-Bar-Info@x2.png */; };
		709B675B1858D6BA0052C344 /* ico-Tab-Bar-Usuario.png in Resources */ = {isa = PBXBuildFile; fileRef = 709B67511858D6BA0052C344 /* ico-Tab-Bar-Usuario.png */; };
		709B675C1858D6BA0052C344 /* ico-Tab-Bar-Usuario@x2.png in Resources */ = {isa = PBXBuildFile; fileRef = 709B67521858D6BA0052C344 /* ico-Tab-Bar-Usuario@x2.png */; };
		709B675D1858D6BA0052C344 /* ico-Tab-Bar-Usuarios.png in Resources */ = {isa = PBXBuildFile; fileRef = 709B67531858D6BA0052C344 /* ico-Tab-Bar-Usuarios.png */; };
		709B675E1858D6BA0052C344 /* ico-Tab-Bar-Usuarios@x2.png in Resources */ = {isa = PBXBuildFile; fileRef = 709B67541858D6BA0052C344 /* ico-Tab-Bar-Usuarios@x2.png */; };
		709B67641858E7090052C344 /* linea-superior-Tab-Bar-1x1.png in Resources */ = {isa = PBXBuildFile; fileRef = 709B67601858E7090052C344 /* linea-superior-Tab-Bar-1x1.png */; };
		70B3395718549E6C0072A60D /* pant_inicio_cabecera.png in Resources */ = {isa = PBXBuildFile; fileRef = 70B3395418549E6C0072A60D /* pant_inicio_cabecera.png */; };
		70B3395818549E6C0072A60D /* pant_inicio_cuerpo_carga.png in Resources */ = {isa = PBXBuildFile; fileRef = 70B3395518549E6C0072A60D /* pant_inicio_cuerpo_carga.png */; };
		70B3395918549E6C0072A60D /* pant_inicio_pie.png in Resources */ = {isa = PBXBuildFile; fileRef = 70B3395618549E6C0072A60D /* pant_inicio_pie.png */; };
		70B3395C1854C2320072A60D /* NickViewController.m in Sources */ = {isa = PBXBuildFile; fileRef = 70B3395B1854C2320072A60D /* NickViewController.m */; };
		70B3395F1854D74B0072A60D /* usuario.plist in Resources */ = {isa = PBXBuildFile; fileRef = 70B3395E1854D74B0072A60D /* usuario.plist */; };
		70B339621854F79A0072A60D /* OpcionesViewController.m in Sources */ = {isa = PBXBuildFile; fileRef = 70B339611854F79A0072A60D /* OpcionesViewController.m */; };
		70EF263418573FF400E3CD0F /* pant_bienvenida_cuerpo.png in Resources */ = {isa = PBXBuildFile; fileRef = 70EF263318573FF400E3CD0F /* pant_bienvenida_cuerpo.png */; };
/* End PBXBuildFile section */

/* Begin PBXContainerItemProxy section */
		70639E31184D324A0028A98B /* PBXContainerItemProxy */ = {
			isa = PBXContainerItemProxy;
			containerPortal = 70639E03184D32490028A98B /* Project object */;
			proxyType = 1;
			remoteGlobalIDString = 70639E0A184D32490028A98B;
			remoteInfo = ASKME;
		};
/* End PBXContainerItemProxy section */

/* Begin PBXFileReference section */
		70639E0B184D32490028A98B /* ASKME.app */ = {isa = PBXFileReference; explicitFileType = wrapper.application; includeInIndex = 0; path = ASKME.app; sourceTree = BUILT_PRODUCTS_DIR; };
		70639E0E184D32490028A98B /* Foundation.framework */ = {isa = PBXFileReference; lastKnownFileType = wrapper.framework; name = Foundation.framework; path = System/Library/Frameworks/Foundation.framework; sourceTree = SDKROOT; };
		70639E10184D32490028A98B /* CoreGraphics.framework */ = {isa = PBXFileReference; lastKnownFileType = wrapper.framework; name = CoreGraphics.framework; path = System/Library/Frameworks/CoreGraphics.framework; sourceTree = SDKROOT; };
		70639E12184D32490028A98B /* UIKit.framework */ = {isa = PBXFileReference; lastKnownFileType = wrapper.framework; name = UIKit.framework; path = System/Library/Frameworks/UIKit.framework; sourceTree = SDKROOT; };
		70639E16184D32490028A98B /* ASKME-Info.plist */ = {isa = PBXFileReference; lastKnownFileType = text.plist.xml; path = "ASKME-Info.plist"; sourceTree = "<group>"; };
		70639E18184D32490028A98B /* en */ = {isa = PBXFileReference; lastKnownFileType = text.plist.strings; name = en; path = en.lproj/InfoPlist.strings; sourceTree = "<group>"; };
		70639E1A184D32490028A98B /* main.m */ = {isa = PBXFileReference; lastKnownFileType = sourcecode.c.objc; path = main.m; sourceTree = "<group>"; };
		70639E1C184D32490028A98B /* ASKME-Prefix.pch */ = {isa = PBXFileReference; lastKnownFileType = sourcecode.c.h; path = "ASKME-Prefix.pch"; sourceTree = "<group>"; };
		70639E1D184D32490028A98B /* AppDelegate.h */ = {isa = PBXFileReference; lastKnownFileType = sourcecode.c.h; path = AppDelegate.h; sourceTree = "<group>"; };
		70639E1E184D32490028A98B /* AppDelegate.m */ = {isa = PBXFileReference; lastKnownFileType = sourcecode.c.objc; path = AppDelegate.m; sourceTree = "<group>"; };
		70639E21184D32490028A98B /* Base */ = {isa = PBXFileReference; lastKnownFileType = file.storyboard; name = Base; path = Base.lproj/Main.storyboard; sourceTree = "<group>"; };
		70639E23184D32490028A98B /* ViewController.h */ = {isa = PBXFileReference; lastKnownFileType = sourcecode.c.h; path = ViewController.h; sourceTree = "<group>"; };
		70639E24184D32490028A98B /* ViewController.m */ = {isa = PBXFileReference; lastKnownFileType = sourcecode.c.objc; path = ViewController.m; sourceTree = "<group>"; };
		70639E26184D32490028A98B /* Images.xcassets */ = {isa = PBXFileReference; lastKnownFileType = folder.assetcatalog; path = Images.xcassets; sourceTree = "<group>"; };
		70639E2C184D324A0028A98B /* ASKMETests.xctest */ = {isa = PBXFileReference; explicitFileType = wrapper.cfbundle; includeInIndex = 0; path = ASKMETests.xctest; sourceTree = BUILT_PRODUCTS_DIR; };
		70639E2D184D324A0028A98B /* XCTest.framework */ = {isa = PBXFileReference; lastKnownFileType = wrapper.framework; name = XCTest.framework; path = Library/Frameworks/XCTest.framework; sourceTree = DEVELOPER_DIR; };
		70639E35184D324A0028A98B /* ASKMETests-Info.plist */ = {isa = PBXFileReference; lastKnownFileType = text.plist.xml; path = "ASKMETests-Info.plist"; sourceTree = "<group>"; };
		70639E37184D324A0028A98B /* en */ = {isa = PBXFileReference; lastKnownFileType = text.plist.strings; name = en; path = en.lproj/InfoPlist.strings; sourceTree = "<group>"; };
		70639E39184D324A0028A98B /* ASKMETests.m */ = {isa = PBXFileReference; lastKnownFileType = sourcecode.c.objc; path = ASKMETests.m; sourceTree = "<group>"; };
		709B67471858D18A0052C344 /* FONDO_Tab_Bar_Opciones@2x.png */ = {isa = PBXFileReference; lastKnownFileType = image.png; path = "FONDO_Tab_Bar_Opciones@2x.png"; sourceTree = "<group>"; };
		709B67491858D2B70052C344 /* FONDO_Tab_Bar_Opciones.png */ = {isa = PBXFileReference; lastKnownFileType = image.png; path = FONDO_Tab_Bar_Opciones.png; sourceTree = "<group>"; };
		709B674B1858D6BA0052C344 /* ico-Tab-Bar-Configuracion.png */ = {isa = PBXFileReference; lastKnownFileType = image.png; path = "ico-Tab-Bar-Configuracion.png"; sourceTree = "<group>"; };
		709B674C1858D6BA0052C344 /* ico-Tab-Bar-Configuracion@x2.png */ = {isa = PBXFileReference; lastKnownFileType = image.png; path = "ico-Tab-Bar-Configuracion@x2.png"; sourceTree = "<group>"; };
		709B674D1858D6BA0052C344 /* ico-Tab-Bar-Estadistica.png */ = {isa = PBXFileReference; lastKnownFileType = image.png; path = "ico-Tab-Bar-Estadistica.png"; sourceTree = "<group>"; };
		709B674E1858D6BA0052C344 /* ico-Tab-Bar-Estadistica@x2.png */ = {isa = PBXFileReference; lastKnownFileType = image.png; path = "ico-Tab-Bar-Estadistica@x2.png"; sourceTree = "<group>"; };
		709B674F1858D6BA0052C344 /* ico-Tab-Bar-Info.png */ = {isa = PBXFileReference; lastKnownFileType = image.png; path = "ico-Tab-Bar-Info.png"; sourceTree = "<group>"; };
		709B67501858D6BA0052C344 /* ico-Tab-Bar-Info@x2.png */ = {isa = PBXFileReference; lastKnownFileType = image.png; path = "ico-Tab-Bar-Info@x2.png"; sourceTree = "<group>"; };
		709B67511858D6BA0052C344 /* ico-Tab-Bar-Usuario.png */ = {isa = PBXFileReference; lastKnownFileType = image.png; path = "ico-Tab-Bar-Usuario.png"; sourceTree = "<group>"; };
		709B67521858D6BA0052C344 /* ico-Tab-Bar-Usuario@x2.png */ = {isa = PBXFileReference; lastKnownFileType = image.png; path = "ico-Tab-Bar-Usuario@x2.png"; sourceTree = "<group>"; };
		709B67531858D6BA0052C344 /* ico-Tab-Bar-Usuarios.png */ = {isa = PBXFileReference; lastKnownFileType = image.png; path = "ico-Tab-Bar-Usuarios.png"; sourceTree = "<group>"; };
		709B67541858D6BA0052C344 /* ico-Tab-Bar-Usuarios@x2.png */ = {isa = PBXFileReference; lastKnownFileType = image.png; path = "ico-Tab-Bar-Usuarios@x2.png"; sourceTree = "<group>"; };
		709B67601858E7090052C344 /* linea-superior-Tab-Bar-1x1.png */ = {isa = PBXFileReference; lastKnownFileType = image.png; path = "linea-superior-Tab-Bar-1x1.png"; sourceTree = "<group>"; };
		70B3395418549E6C0072A60D /* pant_inicio_cabecera.png */ = {isa = PBXFileReference; lastKnownFileType = image.png; path = pant_inicio_cabecera.png; sourceTree = "<group>"; };
		70B3395518549E6C0072A60D /* pant_inicio_cuerpo_carga.png */ = {isa = PBXFileReference; lastKnownFileType = image.png; path = pant_inicio_cuerpo_carga.png; sourceTree = "<group>"; };
		70B3395618549E6C0072A60D /* pant_inicio_pie.png */ = {isa = PBXFileReference; lastKnownFileType = image.png; path = pant_inicio_pie.png; sourceTree = "<group>"; };
		70B3395A1854C2320072A60D /* NickViewController.h */ = {isa = PBXFileReference; fileEncoding = 4; lastKnownFileType = sourcecode.c.h; path = NickViewController.h; sourceTree = "<group>"; };
		70B3395B1854C2320072A60D /* NickViewController.m */ = {isa = PBXFileReference; fileEncoding = 4; lastKnownFileType = sourcecode.c.objc; path = NickViewController.m; sourceTree = "<group>"; };
		70B3395E1854D74B0072A60D /* usuario.plist */ = {isa = PBXFileReference; fileEncoding = 4; lastKnownFileType = text.plist.xml; path = usuario.plist; sourceTree = "<group>"; };
		70B339601854F79A0072A60D /* OpcionesViewController.h */ = {isa = PBXFileReference; fileEncoding = 4; lastKnownFileType = sourcecode.c.h; path = OpcionesViewController.h; sourceTree = "<group>"; };
		70B339611854F79A0072A60D /* OpcionesViewController.m */ = {isa = PBXFileReference; fileEncoding = 4; lastKnownFileType = sourcecode.c.objc; path = OpcionesViewController.m; sourceTree = "<group>"; };
		70EF263318573FF400E3CD0F /* pant_bienvenida_cuerpo.png */ = {isa = PBXFileReference; lastKnownFileType = image.png; path = pant_bienvenida_cuerpo.png; sourceTree = "<group>"; };
/* End PBXFileReference section */

/* Begin PBXFrameworksBuildPhase section */
		70639E08184D32490028A98B /* Frameworks */ = {
			isa = PBXFrameworksBuildPhase;
			buildActionMask = 2147483647;
			files = (
				70639E11184D32490028A98B /* CoreGraphics.framework in Frameworks */,
				70639E13184D32490028A98B /* UIKit.framework in Frameworks */,
				70639E0F184D32490028A98B /* Foundation.framework in Frameworks */,
			);
			runOnlyForDeploymentPostprocessing = 0;
		};
		70639E29184D324A0028A98B /* Frameworks */ = {
			isa = PBXFrameworksBuildPhase;
			buildActionMask = 2147483647;
			files = (
				70639E2E184D324A0028A98B /* XCTest.framework in Frameworks */,
				70639E30184D324A0028A98B /* UIKit.framework in Frameworks */,
				70639E2F184D324A0028A98B /* Foundation.framework in Frameworks */,
			);
			runOnlyForDeploymentPostprocessing = 0;
		};
/* End PBXFrameworksBuildPhase section */

/* Begin PBXGroup section */
		70639E02184D32490028A98B = {
			isa = PBXGroup;
			children = (
				70639E14184D32490028A98B /* ASKME */,
				70639E33184D324A0028A98B /* ASKMETests */,
				70639E0D184D32490028A98B /* Frameworks */,
				70639E0C184D32490028A98B /* Products */,
			);
			sourceTree = "<group>";
		};
		70639E0C184D32490028A98B /* Products */ = {
			isa = PBXGroup;
			children = (
				70639E0B184D32490028A98B /* ASKME.app */,
				70639E2C184D324A0028A98B /* ASKMETests.xctest */,
			);
			name = Products;
			sourceTree = "<group>";
		};
		70639E0D184D32490028A98B /* Frameworks */ = {
			isa = PBXGroup;
			children = (
				70639E0E184D32490028A98B /* Foundation.framework */,
				70639E10184D32490028A98B /* CoreGraphics.framework */,
				70639E12184D32490028A98B /* UIKit.framework */,
				70639E2D184D324A0028A98B /* XCTest.framework */,
			);
			name = Frameworks;
			sourceTree = "<group>";
		};
		70639E14184D32490028A98B /* ASKME */ = {
			isa = PBXGroup;
			children = (
				70B3395318549B700072A60D /* imagenes */,
				70639E1D184D32490028A98B /* AppDelegate.h */,
				70639E1E184D32490028A98B /* AppDelegate.m */,
				70639E20184D32490028A98B /* Main.storyboard */,
				70B339631854F79F0072A60D /* OpcionesViewController */,
				70B3395D1854C23A0072A60D /* NickViewController */,
				70639E23184D32490028A98B /* ViewController.h */,
				70639E24184D32490028A98B /* ViewController.m */,
				70B3395E1854D74B0072A60D /* usuario.plist */,
				70639E26184D32490028A98B /* Images.xcassets */,
				70639E15184D32490028A98B /* Supporting Files */,
			);
			path = ASKME;
			sourceTree = "<group>";
		};
		70639E15184D32490028A98B /* Supporting Files */ = {
			isa = PBXGroup;
			children = (
				70639E16184D32490028A98B /* ASKME-Info.plist */,
				70639E17184D32490028A98B /* InfoPlist.strings */,
				70639E1A184D32490028A98B /* main.m */,
				70639E1C184D32490028A98B /* ASKME-Prefix.pch */,
			);
			name = "Supporting Files";
			sourceTree = "<group>";
		};
		70639E33184D324A0028A98B /* ASKMETests */ = {
			isa = PBXGroup;
			children = (
				70639E39184D324A0028A98B /* ASKMETests.m */,
				70639E34184D324A0028A98B /* Supporting Files */,
			);
			path = ASKMETests;
			sourceTree = "<group>";
		};
		70639E34184D324A0028A98B /* Supporting Files */ = {
			isa = PBXGroup;
			children = (
				70639E35184D324A0028A98B /* ASKMETests-Info.plist */,
				70639E36184D324A0028A98B /* InfoPlist.strings */,
			);
			name = "Supporting Files";
			sourceTree = "<group>";
		};
		709B675F1858D6C90052C344 /* iconosTabBarOpciones */ = {
			isa = PBXGroup;
			children = (
				709B67601858E7090052C344 /* linea-superior-Tab-Bar-1x1.png */,
				709B674B1858D6BA0052C344 /* ico-Tab-Bar-Configuracion.png */,
				709B674C1858D6BA0052C344 /* ico-Tab-Bar-Configuracion@x2.png */,
				709B674D1858D6BA0052C344 /* ico-Tab-Bar-Estadistica.png */,
				709B674E1858D6BA0052C344 /* ico-Tab-Bar-Estadistica@x2.png */,
				709B674F1858D6BA0052C344 /* ico-Tab-Bar-Info.png */,
				709B67501858D6BA0052C344 /* ico-Tab-Bar-Info@x2.png */,
				709B67511858D6BA0052C344 /* ico-Tab-Bar-Usuario.png */,
				709B67521858D6BA0052C344 /* ico-Tab-Bar-Usuario@x2.png */,
				709B67531858D6BA0052C344 /* ico-Tab-Bar-Usuarios.png */,
				709B67541858D6BA0052C344 /* ico-Tab-Bar-Usuarios@x2.png */,
			);
			name = iconosTabBarOpciones;
			sourceTree = "<group>";
		};
		70B3395318549B700072A60D /* imagenes */ = {
			isa = PBXGroup;
			children = (
				709B675F1858D6C90052C344 /* iconosTabBarOpciones */,
				709B67491858D2B70052C344 /* FONDO_Tab_Bar_Opciones.png */,
				709B67471858D18A0052C344 /* FONDO_Tab_Bar_Opciones@2x.png */,
				70EF263318573FF400E3CD0F /* pant_bienvenida_cuerpo.png */,
				70B3395418549E6C0072A60D /* pant_inicio_cabecera.png */,
				70B3395518549E6C0072A60D /* pant_inicio_cuerpo_carga.png */,
				70B3395618549E6C0072A60D /* pant_inicio_pie.png */,
			);
			name = imagenes;
			sourceTree = "<group>";
		};
		70B3395D1854C23A0072A60D /* NickViewController */ = {
			isa = PBXGroup;
			children = (
				70B3395A1854C2320072A60D /* NickViewController.h */,
				70B3395B1854C2320072A60D /* NickViewController.m */,
			);
			name = NickViewController;
			sourceTree = "<group>";
		};
		70B339631854F79F0072A60D /* OpcionesViewController */ = {
			isa = PBXGroup;
			children = (
				70B339601854F79A0072A60D /* OpcionesViewController.h */,
				70B339611854F79A0072A60D /* OpcionesViewController.m */,
			);
			name = OpcionesViewController;
			sourceTree = "<group>";
		};
/* End PBXGroup section */

/* Begin PBXNativeTarget section */
		70639E0A184D32490028A98B /* ASKME */ = {
			isa = PBXNativeTarget;
			buildConfigurationList = 70639E3D184D324A0028A98B /* Build configuration list for PBXNativeTarget "ASKME" */;
			buildPhases = (
				70639E07184D32490028A98B /* Sources */,
				70639E08184D32490028A98B /* Frameworks */,
				70639E09184D32490028A98B /* Resources */,
			);
			buildRules = (
			);
			dependencies = (
			);
			name = ASKME;
			productName = ASKME;
			productReference = 70639E0B184D32490028A98B /* ASKME.app */;
			productType = "com.apple.product-type.application";
		};
		70639E2B184D324A0028A98B /* ASKMETests */ = {
			isa = PBXNativeTarget;
			buildConfigurationList = 70639E40184D324A0028A98B /* Build configuration list for PBXNativeTarget "ASKMETests" */;
			buildPhases = (
				70639E28184D324A0028A98B /* Sources */,
				70639E29184D324A0028A98B /* Frameworks */,
				70639E2A184D324A0028A98B /* Resources */,
			);
			buildRules = (
			);
			dependencies = (
				70639E32184D324A0028A98B /* PBXTargetDependency */,
			);
			name = ASKMETests;
			productName = ASKMETests;
			productReference = 70639E2C184D324A0028A98B /* ASKMETests.xctest */;
			productType = "com.apple.product-type.bundle.unit-test";
		};
/* End PBXNativeTarget section */

/* Begin PBXProject section */
		70639E03184D32490028A98B /* Project object */ = {
			isa = PBXProject;
			attributes = {
				LastUpgradeCheck = 0500;
				ORGANIZATIONNAME = LUISMI;
				TargetAttributes = {
					70639E2B184D324A0028A98B = {
						TestTargetID = 70639E0A184D32490028A98B;
					};
				};
			};
			buildConfigurationList = 70639E06184D32490028A98B /* Build configuration list for PBXProject "ASKME" */;
			compatibilityVersion = "Xcode 3.2";
			developmentRegion = English;
			hasScannedForEncodings = 0;
			knownRegions = (
				en,
				Base,
			);
			mainGroup = 70639E02184D32490028A98B;
			productRefGroup = 70639E0C184D32490028A98B /* Products */;
			projectDirPath = "";
			projectRoot = "";
			targets = (
				70639E0A184D32490028A98B /* ASKME */,
				70639E2B184D324A0028A98B /* ASKMETests */,
			);
		};
/* End PBXProject section */

/* Begin PBXResourcesBuildPhase section */
		70639E09184D32490028A98B /* Resources */ = {
			isa = PBXResourcesBuildPhase;
			buildActionMask = 2147483647;
			files = (
				709B67571858D6BA0052C344 /* ico-Tab-Bar-Estadistica.png in Resources */,
				709B67581858D6BA0052C344 /* ico-Tab-Bar-Estadistica@x2.png in Resources */,
				709B674A1858D2B70052C344 /* FONDO_Tab_Bar_Opciones.png in Resources */,
				70639E27184D32490028A98B /* Images.xcassets in Resources */,
				70EF263418573FF400E3CD0F /* pant_bienvenida_cuerpo.png in Resources */,
				709B675E1858D6BA0052C344 /* ico-Tab-Bar-Usuarios@x2.png in Resources */,
				709B675D1858D6BA0052C344 /* ico-Tab-Bar-Usuarios.png in Resources */,
				709B67551858D6BA0052C344 /* ico-Tab-Bar-Configuracion.png in Resources */,
				70B3395718549E6C0072A60D /* pant_inicio_cabecera.png in Resources */,
				709B67591858D6BA0052C344 /* ico-Tab-Bar-Info.png in Resources */,
				70B3395818549E6C0072A60D /* pant_inicio_cuerpo_carga.png in Resources */,
				70B3395F1854D74B0072A60D /* usuario.plist in Resources */,
				70639E19184D32490028A98B /* InfoPlist.strings in Resources */,
				709B67561858D6BA0052C344 /* ico-Tab-Bar-Configuracion@x2.png in Resources */,
				70B3395918549E6C0072A60D /* pant_inicio_pie.png in Resources */,
				709B67481858D18A0052C344 /* FONDO_Tab_Bar_Opciones@2x.png in Resources */,
				709B675B1858D6BA0052C344 /* ico-Tab-Bar-Usuario.png in Resources */,
				709B675C1858D6BA0052C344 /* ico-Tab-Bar-Usuario@x2.png in Resources */,
				709B675A1858D6BA0052C344 /* ico-Tab-Bar-Info@x2.png in Resources */,
				70639E22184D32490028A98B /* Main.storyboard in Resources */,
				709B67641858E7090052C344 /* linea-superior-Tab-Bar-1x1.png in Resources */,
			);
			runOnlyForDeploymentPostprocessing = 0;
		};
		70639E2A184D324A0028A98B /* Resources */ = {
			isa = PBXResourcesBuildPhase;
			buildActionMask = 2147483647;
			files = (
				70639E38184D324A0028A98B /* InfoPlist.strings in Resources */,
			);
			runOnlyForDeploymentPostprocessing = 0;
		};
/* End PBXResourcesBuildPhase section */

/* Begin PBXSourcesBuildPhase section */
		70639E07184D32490028A98B /* Sources */ = {
			isa = PBXSourcesBuildPhase;
			buildActionMask = 2147483647;
			files = (
				70639E25184D32490028A98B /* ViewController.m in Sources */,
				70639E1F184D32490028A98B /* AppDelegate.m in Sources */,
				70B339621854F79A0072A60D /* OpcionesViewController.m in Sources */,
				70639E1B184D32490028A98B /* main.m in Sources */,
				70B3395C1854C2320072A60D /* NickViewController.m in Sources */,
			);
			runOnlyForDeploymentPostprocessing = 0;
		};
		70639E28184D324A0028A98B /* Sources */ = {
			isa = PBXSourcesBuildPhase;
			buildActionMask = 2147483647;
			files = (
				70639E3A184D324A0028A98B /* ASKMETests.m in Sources */,
			);
			runOnlyForDeploymentPostprocessing = 0;
		};
/* End PBXSourcesBuildPhase section */

/* Begin PBXTargetDependency section */
		70639E32184D324A0028A98B /* PBXTargetDependency */ = {
			isa = PBXTargetDependency;
			target = 70639E0A184D32490028A98B /* ASKME */;
			targetProxy = 70639E31184D324A0028A98B /* PBXContainerItemProxy */;
		};
/* End PBXTargetDependency section */

/* Begin PBXVariantGroup section */
		70639E17184D32490028A98B /* InfoPlist.strings */ = {
			isa = PBXVariantGroup;
			children = (
				70639E18184D32490028A98B /* en */,
			);
			name = InfoPlist.strings;
			sourceTree = "<group>";
		};
		70639E20184D32490028A98B /* Main.storyboard */ = {
			isa = PBXVariantGroup;
			children = (
				70639E21184D32490028A98B /* Base */,
			);
			name = Main.storyboard;
			sourceTree = "<group>";
		};
		70639E36184D324A0028A98B /* InfoPlist.strings */ = {
			isa = PBXVariantGroup;
			children = (
				70639E37184D324A0028A98B /* en */,
			);
			name = InfoPlist.strings;
			sourceTree = "<group>";
		};
/* End PBXVariantGroup section */

/* Begin XCBuildConfiguration section */
		70639E3B184D324A0028A98B /* Debug */ = {
			isa = XCBuildConfiguration;
			buildSettings = {
				ALWAYS_SEARCH_USER_PATHS = NO;
				ARCHS = "$(ARCHS_STANDARD_INCLUDING_64_BIT)";
				CLANG_CXX_LANGUAGE_STANDARD = "gnu++0x";
				CLANG_CXX_LIBRARY = "libc++";
				CLANG_ENABLE_MODULES = YES;
				CLANG_ENABLE_OBJC_ARC = YES;
				CLANG_WARN_BOOL_CONVERSION = YES;
				CLANG_WARN_CONSTANT_CONVERSION = YES;
				CLANG_WARN_DIRECT_OBJC_ISA_USAGE = YES_ERROR;
				CLANG_WARN_EMPTY_BODY = YES;
				CLANG_WARN_ENUM_CONVERSION = YES;
				CLANG_WARN_INT_CONVERSION = YES;
				CLANG_WARN_OBJC_ROOT_CLASS = YES_ERROR;
				CLANG_WARN__DUPLICATE_METHOD_MATCH = YES;
				"CODE_SIGN_IDENTITY[sdk=iphoneos*]" = "iPhone Developer";
				COPY_PHASE_STRIP = NO;
				GCC_C_LANGUAGE_STANDARD = gnu99;
				GCC_DYNAMIC_NO_PIC = NO;
				GCC_OPTIMIZATION_LEVEL = 0;
				GCC_PREPROCESSOR_DEFINITIONS = (
					"DEBUG=1",
					"$(inherited)",
				);
				GCC_SYMBOLS_PRIVATE_EXTERN = NO;
				GCC_WARN_64_TO_32_BIT_CONVERSION = YES;
				GCC_WARN_ABOUT_RETURN_TYPE = YES_ERROR;
				GCC_WARN_UNDECLARED_SELECTOR = YES;
				GCC_WARN_UNINITIALIZED_AUTOS = YES;
				GCC_WARN_UNUSED_FUNCTION = YES;
				GCC_WARN_UNUSED_VARIABLE = YES;
				IPHONEOS_DEPLOYMENT_TARGET = 7.0;
				ONLY_ACTIVE_ARCH = YES;
				SDKROOT = iphoneos;
			};
			name = Debug;
		};
		70639E3C184D324A0028A98B /* Release */ = {
			isa = XCBuildConfiguration;
			buildSettings = {
				ALWAYS_SEARCH_USER_PATHS = NO;
				ARCHS = "$(ARCHS_STANDARD_INCLUDING_64_BIT)";
				CLANG_CXX_LANGUAGE_STANDARD = "gnu++0x";
				CLANG_CXX_LIBRARY = "libc++";
				CLANG_ENABLE_MODULES = YES;
				CLANG_ENABLE_OBJC_ARC = YES;
				CLANG_WARN_BOOL_CONVERSION = YES;
				CLANG_WARN_CONSTANT_CONVERSION = YES;
				CLANG_WARN_DIRECT_OBJC_ISA_USAGE = YES_ERROR;
				CLANG_WARN_EMPTY_BODY = YES;
				CLANG_WARN_ENUM_CONVERSION = YES;
				CLANG_WARN_INT_CONVERSION = YES;
				CLANG_WARN_OBJC_ROOT_CLASS = YES_ERROR;
				CLANG_WARN__DUPLICATE_METHOD_MATCH = YES;
				"CODE_SIGN_IDENTITY[sdk=iphoneos*]" = "iPhone Developer";
				COPY_PHASE_STRIP = YES;
				ENABLE_NS_ASSERTIONS = NO;
				GCC_C_LANGUAGE_STANDARD = gnu99;
				GCC_WARN_64_TO_32_BIT_CONVERSION = YES;
				GCC_WARN_ABOUT_RETURN_TYPE = YES_ERROR;
				GCC_WARN_UNDECLARED_SELECTOR = YES;
				GCC_WARN_UNINITIALIZED_AUTOS = YES;
				GCC_WARN_UNUSED_FUNCTION = YES;
				GCC_WARN_UNUSED_VARIABLE = YES;
				IPHONEOS_DEPLOYMENT_TARGET = 7.0;
				SDKROOT = iphoneos;
				VALIDATE_PRODUCT = YES;
			};
			name = Release;
		};
		70639E3E184D324A0028A98B /* Debug */ = {
			isa = XCBuildConfiguration;
			buildSettings = {
				ASSETCATALOG_COMPILER_APPICON_NAME = AppIcon;
				ASSETCATALOG_COMPILER_LAUNCHIMAGE_NAME = LaunchImage;
				GCC_PRECOMPILE_PREFIX_HEADER = YES;
				GCC_PREFIX_HEADER = "ASKME/ASKME-Prefix.pch";
				INFOPLIST_FILE = "ASKME/ASKME-Info.plist";
				PRODUCT_NAME = "$(TARGET_NAME)";
				WRAPPER_EXTENSION = app;
			};
			name = Debug;
		};
		70639E3F184D324A0028A98B /* Release */ = {
			isa = XCBuildConfiguration;
			buildSettings = {
				ASSETCATALOG_COMPILER_APPICON_NAME = AppIcon;
				ASSETCATALOG_COMPILER_LAUNCHIMAGE_NAME = LaunchImage;
				GCC_PRECOMPILE_PREFIX_HEADER = YES;
				GCC_PREFIX_HEADER = "ASKME/ASKME-Prefix.pch";
				INFOPLIST_FILE = "ASKME/ASKME-Info.plist";
				PRODUCT_NAME = "$(TARGET_NAME)";
				WRAPPER_EXTENSION = app;
			};
			name = Release;
		};
		70639E41184D324A0028A98B /* Debug */ = {
			isa = XCBuildConfiguration;
			buildSettings = {
				ARCHS = "$(ARCHS_STANDARD_INCLUDING_64_BIT)";
				BUNDLE_LOADER = "$(BUILT_PRODUCTS_DIR)/ASKME.app/ASKME";
				FRAMEWORK_SEARCH_PATHS = (
					"$(SDKROOT)/Developer/Library/Frameworks",
					"$(inherited)",
					"$(DEVELOPER_FRAMEWORKS_DIR)",
				);
				GCC_PRECOMPILE_PREFIX_HEADER = YES;
				GCC_PREFIX_HEADER = "ASKME/ASKME-Prefix.pch";
				GCC_PREPROCESSOR_DEFINITIONS = (
					"DEBUG=1",
					"$(inherited)",
				);
				INFOPLIST_FILE = "ASKMETests/ASKMETests-Info.plist";
				PRODUCT_NAME = "$(TARGET_NAME)";
				TEST_HOST = "$(BUNDLE_LOADER)";
				WRAPPER_EXTENSION = xctest;
			};
			name = Debug;
		};
		70639E42184D324A0028A98B /* Release */ = {
			isa = XCBuildConfiguration;
			buildSettings = {
				ARCHS = "$(ARCHS_STANDARD_INCLUDING_64_BIT)";
				BUNDLE_LOADER = "$(BUILT_PRODUCTS_DIR)/ASKME.app/ASKME";
				FRAMEWORK_SEARCH_PATHS = (
					"$(SDKROOT)/Developer/Library/Frameworks",
					"$(inherited)",
					"$(DEVELOPER_FRAMEWORKS_DIR)",
				);
				GCC_PRECOMPILE_PREFIX_HEADER = YES;
				GCC_PREFIX_HEADER = "ASKME/ASKME-Prefix.pch";
				INFOPLIST_FILE = "ASKMETests/ASKMETests-Info.plist";
				PRODUCT_NAME = "$(TARGET_NAME)";
				TEST_HOST = "$(BUNDLE_LOADER)";
				WRAPPER_EXTENSION = xctest;
			};
			name = Release;
		};
/* End XCBuildConfiguration section */

/* Begin XCConfigurationList section */
		70639E06184D32490028A98B /* Build configuration list for PBXProject "ASKME" */ = {
			isa = XCConfigurationList;
			buildConfigurations = (
				70639E3B184D324A0028A98B /* Debug */,
				70639E3C184D324A0028A98B /* Release */,
			);
			defaultConfigurationIsVisible = 0;
			defaultConfigurationName = Release;
		};
		70639E3D184D324A0028A98B /* Build configuration list for PBXNativeTarget "ASKME" */ = {
			isa = XCConfigurationList;
			buildConfigurations = (
				70639E3E184D324A0028A98B /* Debug */,
				70639E3F184D324A0028A98B /* Release */,
			);
			defaultConfigurationIsVisible = 0;
			defaultConfigurationName = Release;
		};
		70639E40184D324A0028A98B /* Build configuration list for PBXNativeTarget "ASKMETests" */ = {
			isa = XCConfigurationList;
			buildConfigurations = (
				70639E41184D324A0028A98B /* Debug */,
				70639E42184D324A0028A98B /* Release */,
			);
			defaultConfigurationIsVisible = 0;
			defaultConfigurationName = Release;
		};
/* End XCConfigurationList section */
	};
	rootObject = 70639E03184D32490028A98B /* Project object */;
}
